Microsoft Visual Studio Solution File, Format Version 12.00
# Visual Studio Version 17
VisualStudioVersion = 17.5.2.0
MinimumVisualStudioVersion = 10.0.40219.1
Project("{FAE04EC0-301F-11D3-BF4B-00C04F79EFBC}") = "Task1App", "Task1App\Task1App.csproj", "{0BC49E98-1F26-50E0-04B2-2BF77F1DE180}"
EndProject
Global
	GlobalSection(SolutionConfigurationPlatforms) = preSolution
		Debug|Any CPU = Debug|Any CPU
		Release|Any CPU = Release|Any CPU
	EndGlobalSection
	GlobalSection(ProjectConfigurationPlatforms) = postSolution
		{0BC49E98-1F26-50E0-04B2-2BF77F1DE180}.Debug|Any CPU.ActiveCfg = Debug|Any CPU
		{0BC49E98-1F26-50E0-04B2-2BF77F1DE180}.Debug|Any CPU.Build.0 = Debug|Any CPU
		{0BC49E98-1F26-50E0-04B2-2BF77F1DE180}.Release|Any CPU.ActiveCfg = Release|Any CPU
		{0BC49E98-1F26-50E0-04B2-2BF77F1DE180}.Release|Any CPU.Build.0 = Release|Any CPU
	EndGlobalSection
	GlobalSection(SolutionProperties) = preSolution
		HideSolutionNode = FALSE
	EndGlobalSection
	GlobalSection(ExtensibilityGlobals) = postSolution
		SolutionGuid = {7D621A5D-645C-4FCC-A733-34FCBF5E1EAC}
	EndGlobalSection
EndGlobal
